{
    "_meta": {
        "hash": {
            "sha256": "d29e44dd3d9ec603e690a12d75b811ca6104731f657f5015f525e2165be7a8bb"
        },
        "pipfile-spec": 6,
        "requires": {
            "python_version": "3.8"
        },
        "sources": [
            {
                "name": "pypi",
                "url": "https://pypi.org/simple",
                "verify_ssl": true
            }
        ]
    },
    "default": {
        "logzero": {
            "hashes": [
                "sha256:7d1234dbdef8126b6ace4d15cf8a60418506355b2ad967e117d907026cf4f2b5",
                "sha256:98621ae85280633a7f6ccc4f81278e9596c9b38666d76b1637dfb5d64894e4ed"
            ],
            "index": "pypi",
            "version": "==1.6.2"
        }
    },
    "develop": {}
}
